
Microsoft Visual Studio Solution File, Format Version 12.00
# Visual Studio Version 17
VisualStudioVersion = 17.1.32421.90
MinimumVisualStudioVersion = 10.0.40219.1
Project("{9A19103F-16F7-4668-BE54-9A1E7A4F7556}") = "GameStore", "GameStore.csproj", "{51C94486-78AC-4A04-BDAD-84484698955C}"
EndProject
Project("{2150E333-8FDC-42A3-9474-1A3956D46DE8}") = "Domain", "Domain", "{F6B203A4-99BA-44AF-BADD-A9FA4C124DC6}"
EndProject
Project("{9A19103F-16F7-4668-BE54-9A1E7A4F7556}") = "GameStore.Domain", "..\GameStore.Domain\GameStore.Domain.csproj", "{EF6B7D23-93E4-4710-930C-08852EC313E1}"
EndProject
Project("{2150E333-8FDC-42A3-9474-1A3956D46DE8}") = "DAL", "DAL", "{B56142E1-9AA5-4125-9422-A1D8020161B9}"
EndProject
Project("{FAE04EC0-301F-11D3-BF4B-00C04F79EFBC}") = "GameStore.DAL", "..\GameStore.DAL\GameStore.DAL.csproj", "{BE6C28F5-CB7F-4742-B27A-1EA60D0A725A}"
EndProject
Project("{2150E333-8FDC-42A3-9474-1A3956D46DE8}") = "Service", "Service", "{1C756167-94BF-420B-A2DE-399125D372DA}"
EndProject
Project("{FAE04EC0-301F-11D3-BF4B-00C04F79EFBC}") = "GameStore.Service", "..\GameStore.Service\GameStore.Service.csproj", "{464C7BC0-4772-4612-8D53-755BB2858B15}"
EndProject
Global
	GlobalSection(SolutionConfigurationPlatforms) = preSolution
		Debug|Any CPU = Debug|Any CPU
		Release|Any CPU = Release|Any CPU
	EndGlobalSection
	GlobalSection(ProjectConfigurationPlatforms) = postSolution
		{51C94486-78AC-4A04-BDAD-84484698955C}.Debug|Any CPU.ActiveCfg = Debug|Any CPU
		{51C94486-78AC-4A04-BDAD-84484698955C}.Debug|Any CPU.Build.0 = Debug|Any CPU
		{51C94486-78AC-4A04-BDAD-84484698955C}.Release|Any CPU.ActiveCfg = Release|Any CPU
		{51C94486-78AC-4A04-BDAD-84484698955C}.Release|Any CPU.Build.0 = Release|Any CPU
		{EF6B7D23-93E4-4710-930C-08852EC313E1}.Debug|Any CPU.ActiveCfg = Debug|Any CPU
		{EF6B7D23-93E4-4710-930C-08852EC313E1}.Debug|Any CPU.Build.0 = Debug|Any CPU
		{EF6B7D23-93E4-4710-930C-08852EC313E1}.Release|Any CPU.ActiveCfg = Release|Any CPU
		{EF6B7D23-93E4-4710-930C-08852EC313E1}.Release|Any CPU.Build.0 = Release|Any CPU
		{BE6C28F5-CB7F-4742-B27A-1EA60D0A725A}.Debug|Any CPU.ActiveCfg = Debug|Any CPU
		{BE6C28F5-CB7F-4742-B27A-1EA60D0A725A}.Debug|Any CPU.Build.0 = Debug|Any CPU
		{BE6C28F5-CB7F-4742-B27A-1EA60D0A725A}.Release|Any CPU.ActiveCfg = Release|Any CPU
		{BE6C28F5-CB7F-4742-B27A-1EA60D0A725A}.Release|Any CPU.Build.0 = Release|Any CPU
		{464C7BC0-4772-4612-8D53-755BB2858B15}.Debug|Any CPU.ActiveCfg = Debug|Any CPU
		{464C7BC0-4772-4612-8D53-755BB2858B15}.Debug|Any CPU.Build.0 = Debug|Any CPU
		{464C7BC0-4772-4612-8D53-755BB2858B15}.Release|Any CPU.ActiveCfg = Release|Any CPU
		{464C7BC0-4772-4612-8D53-755BB2858B15}.Release|Any CPU.Build.0 = Release|Any CPU
	EndGlobalSection
	GlobalSection(SolutionProperties) = preSolution
		HideSolutionNode = FALSE
	EndGlobalSection
	GlobalSection(NestedProjects) = preSolution
		{EF6B7D23-93E4-4710-930C-08852EC313E1} = {F6B203A4-99BA-44AF-BADD-A9FA4C124DC6}
		{BE6C28F5-CB7F-4742-B27A-1EA60D0A725A} = {B56142E1-9AA5-4125-9422-A1D8020161B9}
		{464C7BC0-4772-4612-8D53-755BB2858B15} = {1C756167-94BF-420B-A2DE-399125D372DA}
	EndGlobalSection
	GlobalSection(ExtensibilityGlobals) = postSolution
		SolutionGuid = {515FAEAC-54F7-4A22-B6AE-15FA8BA44ED7}
	EndGlobalSection
EndGlobal
